# This file was autogenerated by Stack.
# You should not edit this file by hand.
# For more information, please see the documentation at:
#   https://docs.haskellstack.org/en/stable/lock_files

packages:
- completed:
    hackage: bookhound-0.1.8.0@sha256:01fb793653fbcfb9c6f77798a259aac0eb63859d3a17b98e9e8fb94298d5a6e6,2323
    pantry-tree:
      size: 1640
      sha256: bf91277480a07b18029a5eb1cde02d034b5d7e7329e58ffd8771e622cb38e0e2
  original:
    hackage: bookhound-0.1.8.0
snapshots: []
