# This file was autogenerated by Stack.
# You should not edit this file by hand.
# For more information, please see the documentation at:
#   https://docs.haskellstack.org/en/stable/lock_files

snapshots: []
packages:
- original:
    hackage: bookhound-0.1.7.0
  completed:
    pantry-tree:
      sha256: b043f8708fba545b9969adc1bd2006708074d5d3f1c58de9f46f2abb32a77c28
      size: 1640
    hackage: bookhound-0.1.7.0@sha256:6828732dea36fc7ce0ed79eeba1fdb963a2874eedb475f93159b0d738f7b399c,2323
